// !$*UTF8*$!
{
	archiveVersion = 1;
	classes = {
	};
	objectVersion = 77;
	objects = {

/* Begin PBXBuildFile section */
		161FFB8B976171BB3BAE56FF /* BookCoverView.swift in Sources */ = {isa = PBXBuildFile; fileRef = 5129452AA17EAECC0C5A684C /* BookCoverView.swift */; };
		195C11CD3DB9B21ACA703944 /* Book.swift in Sources */ = {isa = PBXBuildFile; fileRef = 2F529F0496C00F10A12C962A /* Book.swift */; };
		39358C8B284C2F95F2D444E3 /* SwiftSoup in Frameworks */ = {isa = PBXBuildFile; productRef = 70EEAE5AA5EBC87035CEF674 /* SwiftSoup */; };
		3A1063A6F103EED1AD667DAF /* EncodingDetectorTests.swift in Sources */ = {isa = PBXBuildFile; fileRef = 384B7D22BC6FCB46C940E9F8 /* EncodingDetectorTests.swift */; };
		3A60018D000D9E9175825786 /* ContentView.swift in Sources */ = {isa = PBXBuildFile; fileRef = ED4870F6A821D23487EFC9FE /* ContentView.swift */; };
		3CCDEBE67BAE833B48F6ED6D /* BookshelfView.swift in Sources */ = {isa = PBXBuildFile; fileRef = 2D15E4481287F98A162F0890 /* BookshelfView.swift */; };
		4CF33800EEF7011A5863A637 /* Chapter.swift in Sources */ = {isa = PBXBuildFile; fileRef = F5171BA5700A256006CD11FC /* Chapter.swift */; };
		4F9C89C95EA07E568AE480F7 /* ImportService.swift in Sources */ = {isa = PBXBuildFile; fileRef = 91B596CB8EB45B4C6A988CA0 /* ImportService.swift */; };
		507511AF65D669D589B49B09 /* ReaderTheme.swift in Sources */ = {isa = PBXBuildFile; fileRef = 9AE5A8A597169EBD73E9625E /* ReaderTheme.swift */; };
		A1B2C3D4E5F60001AABBCC01 /* LegadoRule.swift in Sources */ = {isa = PBXBuildFile; fileRef = A1B2C3D4E5F60002AABBCC01 /* LegadoRule.swift */; };
		A1B2C3D4E5F60003AABBCC01 /* LegadoRuleTests.swift in Sources */ = {isa = PBXBuildFile; fileRef = A1B2C3D4E5F60004AABBCC01 /* LegadoRuleTests.swift */; };
		RE0000001234567890ABCDEF /* RuleExecutor.swift in Sources */ = {isa = PBXBuildFile; fileRef = RE0000001234567890ABCDEE /* RuleExecutor.swift */; };
		RE0000001234567890ABCDF0 /* RuleExecutorTests.swift in Sources */ = {isa = PBXBuildFile; fileRef = RE0000001234567890ABCDF1 /* RuleExecutorTests.swift */; };
		522FA9A27DA51E3C351ABD9C /* BookManager.swift in Sources */ = {isa = PBXBuildFile; fileRef = 5B460461C5D5EACA36169895 /* BookManager.swift */; };
		5F7848EEBB5D20FFC4EE8E6D /* ChapterSplitterTests.swift in Sources */ = {isa = PBXBuildFile; fileRef = 1B50C92C0F00E67D21D04639 /* ChapterSplitterTests.swift */; };
		679EE14FFEB00376A5D3A2F5 /* ReaderMenuOverlay.swift in Sources */ = {isa = PBXBuildFile; fileRef = E61ECFCF7C62C0B6005A84F6 /* ReaderMenuOverlay.swift */; };
		6E38474FAC2CF19ED893E8CA /* ChapterSplitter.swift in Sources */ = {isa = PBXBuildFile; fileRef = 39FAE80A2F252DA27882F230 /* ChapterSplitter.swift */; };
		6F6B9859ADC82334FC9A4835 /* ReaderSettingsTests.swift in Sources */ = {isa = PBXBuildFile; fileRef = 39B7A46F704AF97902C656E5 /* ReaderSettingsTests.swift */; };
		711C314391F133D0C97B9D9F /* SeriesBookView.swift in Sources */ = {isa = PBXBuildFile; fileRef = 8FE595BB1E748CDCCA7E2E54 /* SeriesBookView.swift */; };
		77264B80E68BDDB1739BFE7B /* BookSource.swift in Sources */ = {isa = PBXBuildFile; fileRef = FB5E44DE2D2AF91A57F95E1E /* BookSource.swift */; };
		77D43C60FFC9D78972EF6167 /* DocumentPicker.swift in Sources */ = {isa = PBXBuildFile; fileRef = 4F791FCA038D32007696F27B /* DocumentPicker.swift */; };
		79BAC202E9DAD7097BBBD0ED /* BookshelfItem.swift in Sources */ = {isa = PBXBuildFile; fileRef = FC52FCD4A94D6DE2D8C1D960 /* BookshelfItem.swift */; };
		7BB494F27D2C1E00E6CC34F3 /* Enums.swift in Sources */ = {isa = PBXBuildFile; fileRef = 45E4EF5C679B282FA9B18EFE /* Enums.swift */; };
		7DBECDF4A6E6992D61569E6B /* BrightnessPopup.swift in Sources */ = {isa = PBXBuildFile; fileRef = 0689688B5F54F41ACC0AEFF3 /* BrightnessPopup.swift */; };
		815B5272BEABEFC5809AE011 /* ReaderSettingsView.swift in Sources */ = {isa = PBXBuildFile; fileRef = 6D9F194C6D279B63D946D7DF /* ReaderSettingsView.swift */; };
		81B962145421CE2ADD5FFB49 /* Assets.xcassets in Resources */ = {isa = PBXBuildFile; fileRef = CCF86F581624EC1FD97282C6 /* Assets.xcassets */; };
		956B33B15B7069AF1440E865 /* ChapterListView.swift in Sources */ = {isa = PBXBuildFile; fileRef = 4DF39E063C73D4390274A107 /* ChapterListView.swift */; };
		AE008B2F92C766FEFF077AD9 /* ReaderSettings.swift in Sources */ = {isa = PBXBuildFile; fileRef = 95FA20F77F59274D41924FC7 /* ReaderSettings.swift */; };
		B34A057BE9F35BF2CAA950AB /* EncodingDetector.swift in Sources */ = {isa = PBXBuildFile; fileRef = F65EFA55406D36CD8A7FC382 /* EncodingDetector.swift */; };
		B8C16B1C3ACFAA7C57E72980 /* ImportServiceTests.swift in Sources */ = {isa = PBXBuildFile; fileRef = 4E2EAFA615F682E7BB3F5187 /* ImportServiceTests.swift */; };
		C48B95C006A48AE20365EFFF /* BookManagerTests.swift in Sources */ = {isa = PBXBuildFile; fileRef = D00A7B36E161491217360C20 /* BookManagerTests.swift */; };
		EDBBD0D02512DEB092EE4BA4 /* ReaderView.swift in Sources */ = {isa = PBXBuildFile; fileRef = 5004C6B4F0BF15049FB664ED /* ReaderView.swift */; };
		EE7AB8F94A44726A7ED70A9F /* ModelTests.swift in Sources */ = {isa = PBXBuildFile; fileRef = 28BAE3FF37D80E1576FBBBA5 /* ModelTests.swift */; };
		F11A9A02E31754C72C6927C7 /* FontSizePopup.swift in Sources */ = {isa = PBXBuildFile; fileRef = 54961614E2BF54F7E7557CDF /* FontSizePopup.swift */; };
		F6468B711DCEA9BE96BAF6F3 /* NovelReaderApp.swift in Sources */ = {isa = PBXBuildFile; fileRef = 69977868F031162683DFD1FD /* NovelReaderApp.swift */; };
/* End PBXBuildFile section */

/* Begin PBXContainerItemProxy section */
		323AE07584DB6CD3BDE2335E /* PBXContainerItemProxy */ = {
			isa = PBXContainerItemProxy;
			containerPortal = DDF257CEE18D75384BC10762 /* Project object */;
			proxyType = 1;
			remoteGlobalIDString = 3A4129EE831ED5506F4DE0E6;
			remoteInfo = NovelReader;
		};
/* End PBXContainerItemProxy section */

/* Begin PBXFileReference section */
		0689688B5F54F41ACC0AEFF3 /* BrightnessPopup.swift */ = {isa = PBXFileReference; lastKnownFileType = sourcecode.swift; path = BrightnessPopup.swift; sourceTree = "<group>"; };
		1B50C92C0F00E67D21D04639 /* ChapterSplitterTests.swift */ = {isa = PBXFileReference; lastKnownFileType = sourcecode.swift; path = ChapterSplitterTests.swift; sourceTree = "<group>"; };
		28BAE3FF37D80E1576FBBBA5 /* ModelTests.swift */ = {isa = PBXFileReference; lastKnownFileType = sourcecode.swift; path = ModelTests.swift; sourceTree = "<group>"; };
		2D15E4481287F98A162F0890 /* BookshelfView.swift */ = {isa = PBXFileReference; lastKnownFileType = sourcecode.swift; path = BookshelfView.swift; sourceTree = "<group>"; };
		2F529F0496C00F10A12C962A /* Book.swift */ = {isa = PBXFileReference; lastKnownFileType = sourcecode.swift; path = Book.swift; sourceTree = "<group>"; };
		384B7D22BC6FCB46C940E9F8 /* EncodingDetectorTests.swift */ = {isa = PBXFileReference; lastKnownFileType = sourcecode.swift; path = EncodingDetectorTests.swift; sourceTree = "<group>"; };
		39B7A46F704AF97902C656E5 /* ReaderSettingsTests.swift */ = {isa = PBXFileReference; lastKnownFileType = sourcecode.swift; path = ReaderSettingsTests.swift; sourceTree = "<group>"; };
		39FAE80A2F252DA27882F230 /* ChapterSplitter.swift */ = {isa = PBXFileReference; lastKnownFileType = sourcecode.swift; path = ChapterSplitter.swift; sourceTree = "<group>"; };
		45E4EF5C679B282FA9B18EFE /* Enums.swift */ = {isa = PBXFileReference; lastKnownFileType = sourcecode.swift; path = Enums.swift; sourceTree = "<group>"; };
		4DF39E063C73D4390274A107 /* ChapterListView.swift */ = {isa = PBXFileReference; lastKnownFileType = sourcecode.swift; path = ChapterListView.swift; sourceTree = "<group>"; };
		4E2EAFA615F682E7BB3F5187 /* ImportServiceTests.swift */ = {isa = PBXFileReference; lastKnownFileType = sourcecode.swift; path = ImportServiceTests.swift; sourceTree = "<group>"; };
		4F791FCA038D32007696F27B /* DocumentPicker.swift */ = {isa = PBXFileReference; lastKnownFileType = sourcecode.swift; path = DocumentPicker.swift; sourceTree = "<group>"; };
		5004C6B4F0BF15049FB664ED /* ReaderView.swift */ = {isa = PBXFileReference; lastKnownFileType = sourcecode.swift; path = ReaderView.swift; sourceTree = "<group>"; };
		5129452AA17EAECC0C5A684C /* BookCoverView.swift */ = {isa = PBXFileReference; lastKnownFileType = sourcecode.swift; path = BookCoverView.swift; sourceTree = "<group>"; };
		51D74D3C235CD57D52DF4300 /* NovelReader.app */ = {isa = PBXFileReference; includeInIndex = 0; lastKnownFileType = wrapper.application; path = NovelReader.app; sourceTree = BUILT_PRODUCTS_DIR; };
		54961614E2BF54F7E7557CDF /* FontSizePopup.swift */ = {isa = PBXFileReference; lastKnownFileType = sourcecode.swift; path = FontSizePopup.swift; sourceTree = "<group>"; };
		59140637B1DAC6EAD8B8B799 /* Info.plist */ = {isa = PBXFileReference; lastKnownFileType = text.plist; path = Info.plist; sourceTree = "<group>"; };
		5B460461C5D5EACA36169895 /* BookManager.swift */ = {isa = PBXFileReference; lastKnownFileType = sourcecode.swift; path = BookManager.swift; sourceTree = "<group>"; };
		69977868F031162683DFD1FD /* NovelReaderApp.swift */ = {isa = PBXFileReference; lastKnownFileType = sourcecode.swift; path = NovelReaderApp.swift; sourceTree = "<group>"; };
		6D9F194C6D279B63D946D7DF /* ReaderSettingsView.swift */ = {isa = PBXFileReference; lastKnownFileType = sourcecode.swift; path = ReaderSettingsView.swift; sourceTree = "<group>"; };
		8FE595BB1E748CDCCA7E2E54 /* SeriesBookView.swift */ = {isa = PBXFileReference; lastKnownFileType = sourcecode.swift; path = SeriesBookView.swift; sourceTree = "<group>"; };
		91B596CB8EB45B4C6A988CA0 /* ImportService.swift */ = {isa = PBXFileReference; lastKnownFileType = sourcecode.swift; path = ImportService.swift; sourceTree = "<group>"; };
		95FA20F77F59274D41924FC7 /* ReaderSettings.swift */ = {isa = PBXFileReference; lastKnownFileType = sourcecode.swift; path = ReaderSettings.swift; sourceTree = "<group>"; };
		9AE5A8A597169EBD73E9625E /* ReaderTheme.swift */ = {isa = PBXFileReference; lastKnownFileType = sourcecode.swift; path = ReaderTheme.swift; sourceTree = "<group>"; };
		CCF86F581624EC1FD97282C6 /* Assets.xcassets */ = {isa = PBXFileReference; lastKnownFileType = folder.assetcatalog; path = Assets.xcassets; sourceTree = "<group>"; };
		D00A7B36E161491217360C20 /* BookManagerTests.swift */ = {isa = PBXFileReference; lastKnownFileType = sourcecode.swift; path = BookManagerTests.swift; sourceTree = "<group>"; };
		DE4ED5EECD65DCE8C42EB888 /* NovelReaderTests.xctest */ = {isa = PBXFileReference; includeInIndex = 0; lastKnownFileType = wrapper.cfbundle; path = NovelReaderTests.xctest; sourceTree = BUILT_PRODUCTS_DIR; };
		E61ECFCF7C62C0B6005A84F6 /* ReaderMenuOverlay.swift */ = {isa = PBXFileReference; lastKnownFileType = sourcecode.swift; path = ReaderMenuOverlay.swift; sourceTree = "<group>"; };
		ED4870F6A821D23487EFC9FE /* ContentView.swift */ = {isa = PBXFileReference; lastKnownFileType = sourcecode.swift; path = ContentView.swift; sourceTree = "<group>"; };
		F5171BA5700A256006CD11FC /* Chapter.swift */ = {isa = PBXFileReference; lastKnownFileType = sourcecode.swift; path = Chapter.swift; sourceTree = "<group>"; };
		F65EFA55406D36CD8A7FC382 /* EncodingDetector.swift */ = {isa = PBXFileReference; lastKnownFileType = sourcecode.swift; path = EncodingDetector.swift; sourceTree = "<group>"; };
		A1B2C3D4E5F60002AABBCC01 /* LegadoRule.swift */ = {isa = PBXFileReference; lastKnownFileType = sourcecode.swift; path = LegadoRule.swift; sourceTree = "<group>"; };
		A1B2C3D4E5F60004AABBCC01 /* LegadoRuleTests.swift */ = {isa = PBXFileReference; lastKnownFileType = sourcecode.swift; path = LegadoRuleTests.swift; sourceTree = "<group>"; };
		RE0000001234567890ABCDEE /* RuleExecutor.swift */ = {isa = PBXFileReference; lastKnownFileType = sourcecode.swift; path = RuleExecutor.swift; sourceTree = "<group>"; };
		RE0000001234567890ABCDF1 /* RuleExecutorTests.swift */ = {isa = PBXFileReference; lastKnownFileType = sourcecode.swift; path = RuleExecutorTests.swift; sourceTree = "<group>"; };
		FB5E44DE2D2AF91A57F95E1E /* BookSource.swift */ = {isa = PBXFileReference; lastKnownFileType = sourcecode.swift; path = BookSource.swift; sourceTree = "<group>"; };
		FC52FCD4A94D6DE2D8C1D960 /* BookshelfItem.swift */ = {isa = PBXFileReference; lastKnownFileType = sourcecode.swift; path = BookshelfItem.swift; sourceTree = "<group>"; };
/* End PBXFileReference section */

/* Begin PBXFrameworksBuildPhase section */
		4CBD4E26347572AD3C7881E5 /* Frameworks */ = {
			isa = PBXFrameworksBuildPhase;
			buildActionMask = 2147483647;
			files = (
				39358C8B284C2F95F2D444E3 /* SwiftSoup in Frameworks */,
			);
			runOnlyForDeploymentPostprocessing = 0;
		};
/* End PBXFrameworksBuildPhase section */

/* Begin PBXGroup section */
		22B38DA891CC3A967A3B99C0 /* Services */ = {
			isa = PBXGroup;
			children = (
				5B460461C5D5EACA36169895 /* BookManager.swift */,
				91B596CB8EB45B4C6A988CA0 /* ImportService.swift */,
				RE0000001234567890ABCDEE /* RuleExecutor.swift */,
			);
			path = Services;
			sourceTree = "<group>";
		};
		5D2FE8682249B880180F19AC /* App */ = {
			isa = PBXGroup;
			children = (
				59140637B1DAC6EAD8B8B799 /* Info.plist */,
				69977868F031162683DFD1FD /* NovelReaderApp.swift */,
			);
			path = App;
			sourceTree = "<group>";
		};
		63D95E16C8A5850D16F536D0 /* Bookshelf */ = {
			isa = PBXGroup;
			children = (
				5129452AA17EAECC0C5A684C /* BookCoverView.swift */,
				FC52FCD4A94D6DE2D8C1D960 /* BookshelfItem.swift */,
				2D15E4481287F98A162F0890 /* BookshelfView.swift */,
				8FE595BB1E748CDCCA7E2E54 /* SeriesBookView.swift */,
			);
			path = Bookshelf;
			sourceTree = "<group>";
		};
		7CB7C2401DAA3137634163F1 /* Models */ = {
			isa = PBXGroup;
			children = (
				2F529F0496C00F10A12C962A /* Book.swift */,
				FB5E44DE2D2AF91A57F95E1E /* BookSource.swift */,
				F5171BA5700A256006CD11FC /* Chapter.swift */,
				45E4EF5C679B282FA9B18EFE /* Enums.swift */,
				A1B2C3D4E5F60002AABBCC01 /* LegadoRule.swift */,
				95FA20F77F59274D41924FC7 /* ReaderSettings.swift */,
				9AE5A8A597169EBD73E9625E /* ReaderTheme.swift */,
			);
			path = Models;
			sourceTree = "<group>";
		};
		880FCB248022343AAC51CF62 /* Reader */ = {
			isa = PBXGroup;
			children = (
				0689688B5F54F41ACC0AEFF3 /* BrightnessPopup.swift */,
				4DF39E063C73D4390274A107 /* ChapterListView.swift */,
				54961614E2BF54F7E7557CDF /* FontSizePopup.swift */,
				E61ECFCF7C62C0B6005A84F6 /* ReaderMenuOverlay.swift */,
				6D9F194C6D279B63D946D7DF /* ReaderSettingsView.swift */,
				5004C6B4F0BF15049FB664ED /* ReaderView.swift */,
			);
			path = Reader;
			sourceTree = "<group>";
		};
		A172EF796E6242BF66F433B7 /* NovelReaderTests */ = {
			isa = PBXGroup;
			children = (
				D00A7B36E161491217360C20 /* BookManagerTests.swift */,
				1B50C92C0F00E67D21D04639 /* ChapterSplitterTests.swift */,
				384B7D22BC6FCB46C940E9F8 /* EncodingDetectorTests.swift */,
				4E2EAFA615F682E7BB3F5187 /* ImportServiceTests.swift */,
				A1B2C3D4E5F60004AABBCC01 /* LegadoRuleTests.swift */,
				28BAE3FF37D80E1576FBBBA5 /* ModelTests.swift */,
				39B7A46F704AF97902C656E5 /* ReaderSettingsTests.swift */,
				RE0000001234567890ABCDF1 /* RuleExecutorTests.swift */,
			);
			path = NovelReaderTests;
			sourceTree = "<group>";
		};
		B3134DE9D30950F701F364CD = {
			isa = PBXGroup;
			children = (
				B50231C61B2C9FDE2824D6F0 /* NovelReader */,
				A172EF796E6242BF66F433B7 /* NovelReaderTests */,
				BAFBBE25EFCA1134B2F8A026 /* Products */,
			);
			sourceTree = "<group>";
		};
		B50231C61B2C9FDE2824D6F0 /* NovelReader */ = {
			isa = PBXGroup;
			children = (
				5D2FE8682249B880180F19AC /* App */,
				D163AD0CB2C2D14D53746FE0 /* Helpers */,
				7CB7C2401DAA3137634163F1 /* Models */,
				22B38DA891CC3A967A3B99C0 /* Services */,
				FDFF60BD8399CAA973627E5D /* Views */,
				CCF86F581624EC1FD97282C6 /* Assets.xcassets */,
			);
			path = NovelReader;
			sourceTree = "<group>";
		};
		BAFBBE25EFCA1134B2F8A026 /* Products */ = {
			isa = PBXGroup;
			children = (
				51D74D3C235CD57D52DF4300 /* NovelReader.app */,
				DE4ED5EECD65DCE8C42EB888 /* NovelReaderTests.xctest */,
			);
			name = Products;
			sourceTree = "<group>";
		};
		D163AD0CB2C2D14D53746FE0 /* Helpers */ = {
			isa = PBXGroup;
			children = (
				39FAE80A2F252DA27882F230 /* ChapterSplitter.swift */,
				4F791FCA038D32007696F27B /* DocumentPicker.swift */,
				F65EFA55406D36CD8A7FC382 /* EncodingDetector.swift */,
			);
			path = Helpers;
			sourceTree = "<group>";
		};
		FDFF60BD8399CAA973627E5D /* Views */ = {
			isa = PBXGroup;
			children = (
				63D95E16C8A5850D16F536D0 /* Bookshelf */,
				880FCB248022343AAC51CF62 /* Reader */,
				ED4870F6A821D23487EFC9FE /* ContentView.swift */,
			);
			path = Views;
			sourceTree = "<group>";
		};
/* End PBXGroup section */

/* Begin PBXNativeTarget section */
		24194C325FDD3FA51F864F79 /* NovelReaderTests */ = {
			isa = PBXNativeTarget;
			buildConfigurationList = 6FFBBA9F4594CD3C3D8016F8 /* Build configuration list for PBXNativeTarget "NovelReaderTests" */;
			buildPhases = (
				85DF81F9BA8D3D434AFA9951 /* Sources */,
			);
			buildRules = (
			);
			dependencies = (
				586FBB47AB6A71DBC4424052 /* PBXTargetDependency */,
			);
			name = NovelReaderTests;
			packageProductDependencies = (
			);
			productName = NovelReaderTests;
			productReference = DE4ED5EECD65DCE8C42EB888 /* NovelReaderTests.xctest */;
			productType = "com.apple.product-type.bundle.unit-test";
		};
		3A4129EE831ED5506F4DE0E6 /* NovelReader */ = {
			isa = PBXNativeTarget;
			buildConfigurationList = 049D13E25DAFB810B19DAFF1 /* Build configuration list for PBXNativeTarget "NovelReader" */;
			buildPhases = (
				51145169193469BA972183A0 /* Sources */,
				8972B4A3FAB4038E11507448 /* Resources */,
				4CBD4E26347572AD3C7881E5 /* Frameworks */,
			);
			buildRules = (
			);
			dependencies = (
			);
			name = NovelReader;
			packageProductDependencies = (
				70EEAE5AA5EBC87035CEF674 /* SwiftSoup */,
			);
			productName = NovelReader;
			productReference = 51D74D3C235CD57D52DF4300 /* NovelReader.app */;
			productType = "com.apple.product-type.application";
		};
/* End PBXNativeTarget section */

/* Begin PBXProject section */
		DDF257CEE18D75384BC10762 /* Project object */ = {
			isa = PBXProject;
			attributes = {
				BuildIndependentTargetsInParallel = YES;
				LastUpgradeCheck = 1430;
				TargetAttributes = {
				};
			};
			buildConfigurationList = B7B6D9B37C35F6C8C98C20BD /* Build configuration list for PBXProject "NovelReader" */;
			developmentRegion = en;
			hasScannedForEncodings = 0;
			knownRegions = (
				Base,
				en,
			);
			mainGroup = B3134DE9D30950F701F364CD;
			minimizedProjectReferenceProxies = 1;
			packageReferences = (
				1A6365A4A5C51CC6CF11FDF5 /* XCRemoteSwiftPackageReference "SwiftSoup" */,
			);
			preferredProjectObjectVersion = 77;
			productRefGroup = BAFBBE25EFCA1134B2F8A026 /* Products */;
			projectDirPath = "";
			projectRoot = "";
			targets = (
				3A4129EE831ED5506F4DE0E6 /* NovelReader */,
				24194C325FDD3FA51F864F79 /* NovelReaderTests */,
			);
		};
/* End PBXProject section */

/* Begin PBXResourcesBuildPhase section */
		8972B4A3FAB4038E11507448 /* Resources */ = {
			isa = PBXResourcesBuildPhase;
			buildActionMask = 2147483647;
			files = (
				81B962145421CE2ADD5FFB49 /* Assets.xcassets in Resources */,
			);
			runOnlyForDeploymentPostprocessing = 0;
		};
/* End PBXResourcesBuildPhase section */

/* Begin PBXSourcesBuildPhase section */
		51145169193469BA972183A0 /* Sources */ = {
			isa = PBXSourcesBuildPhase;
			buildActionMask = 2147483647;
			files = (
				195C11CD3DB9B21ACA703944 /* Book.swift in Sources */,
				161FFB8B976171BB3BAE56FF /* BookCoverView.swift in Sources */,
				522FA9A27DA51E3C351ABD9C /* BookManager.swift in Sources */,
				77264B80E68BDDB1739BFE7B /* BookSource.swift in Sources */,
				79BAC202E9DAD7097BBBD0ED /* BookshelfItem.swift in Sources */,
				3CCDEBE67BAE833B48F6ED6D /* BookshelfView.swift in Sources */,
				7DBECDF4A6E6992D61569E6B /* BrightnessPopup.swift in Sources */,
				4CF33800EEF7011A5863A637 /* Chapter.swift in Sources */,
				956B33B15B7069AF1440E865 /* ChapterListView.swift in Sources */,
				6E38474FAC2CF19ED893E8CA /* ChapterSplitter.swift in Sources */,
				3A60018D000D9E9175825786 /* ContentView.swift in Sources */,
				77D43C60FFC9D78972EF6167 /* DocumentPicker.swift in Sources */,
				B34A057BE9F35BF2CAA950AB /* EncodingDetector.swift in Sources */,
				7BB494F27D2C1E00E6CC34F3 /* Enums.swift in Sources */,
				A1B2C3D4E5F60001AABBCC01 /* LegadoRule.swift in Sources */,
				F11A9A02E31754C72C6927C7 /* FontSizePopup.swift in Sources */,
				4F9C89C95EA07E568AE480F7 /* ImportService.swift in Sources */,
				F6468B711DCEA9BE96BAF6F3 /* NovelReaderApp.swift in Sources */,
				679EE14FFEB00376A5D3A2F5 /* ReaderMenuOverlay.swift in Sources */,
				AE008B2F92C766FEFF077AD9 /* ReaderSettings.swift in Sources */,
				815B5272BEABEFC5809AE011 /* ReaderSettingsView.swift in Sources */,
				507511AF65D669D589B49B09 /* ReaderTheme.swift in Sources */,
				EDBBD0D02512DEB092EE4BA4 /* ReaderView.swift in Sources */,
				RE0000001234567890ABCDEF /* RuleExecutor.swift in Sources */,
				711C314391F133D0C97B9D9F /* SeriesBookView.swift in Sources */,
			);
			runOnlyForDeploymentPostprocessing = 0;
		};
		85DF81F9BA8D3D434AFA9951 /* Sources */ = {
			isa = PBXSourcesBuildPhase;
			buildActionMask = 2147483647;
			files = (
				C48B95C006A48AE20365EFFF /* BookManagerTests.swift in Sources */,
				5F7848EEBB5D20FFC4EE8E6D /* ChapterSplitterTests.swift in Sources */,
				3A1063A6F103EED1AD667DAF /* EncodingDetectorTests.swift in Sources */,
				B8C16B1C3ACFAA7C57E72980 /* ImportServiceTests.swift in Sources */,
				A1B2C3D4E5F60003AABBCC01 /* LegadoRuleTests.swift in Sources */,
				EE7AB8F94A44726A7ED70A9F /* ModelTests.swift in Sources */,
				6F6B9859ADC82334FC9A4835 /* ReaderSettingsTests.swift in Sources */,
				RE0000001234567890ABCDF0 /* RuleExecutorTests.swift in Sources */,
			);
			runOnlyForDeploymentPostprocessing = 0;
		};
/* End PBXSourcesBuildPhase section */

/* Begin PBXTargetDependency section */
		586FBB47AB6A71DBC4424052 /* PBXTargetDependency */ = {
			isa = PBXTargetDependency;
			target = 3A4129EE831ED5506F4DE0E6 /* NovelReader */;
			targetProxy = 323AE07584DB6CD3BDE2335E /* PBXContainerItemProxy */;
		};
/* End PBXTargetDependency section */

/* Begin XCBuildConfiguration section */
		43820FD2365E4847F08798EE /* Release */ = {
			isa = XCBuildConfiguration;
			buildSettings = {
				ALWAYS_SEARCH_USER_PATHS = NO;
				CLANG_ANALYZER_NONNULL = YES;
				CLANG_ANALYZER_NUMBER_OBJECT_CONVERSION = YES_AGGRESSIVE;
				CLANG_CXX_LANGUAGE_STANDARD = "gnu++14";
				CLANG_CXX_LIBRARY = "libc++";
				CLANG_ENABLE_MODULES = YES;
				CLANG_ENABLE_OBJC_ARC = YES;
				CLANG_ENABLE_OBJC_WEAK = YES;
				CLANG_WARN_BLOCK_CAPTURE_AUTORELEASING = YES;
				CLANG_WARN_BOOL_CONVERSION = YES;
				CLANG_WARN_COMMA = YES;
				CLANG_WARN_CONSTANT_CONVERSION = YES;
				CLANG_WARN_DEPRECATED_OBJC_IMPLEMENTATIONS = YES;
				CLANG_WARN_DIRECT_OBJC_ISA_USAGE = YES_ERROR;
				CLANG_WARN_DOCUMENTATION_COMMENTS = YES;
				CLANG_WARN_EMPTY_BODY = YES;
				CLANG_WARN_ENUM_CONVERSION = YES;
				CLANG_WARN_INFINITE_RECURSION = YES;
				CLANG_WARN_INT_CONVERSION = YES;
				CLANG_WARN_NON_LITERAL_NULL_CONVERSION = YES;
				CLANG_WARN_OBJC_IMPLICIT_RETAIN_SELF = YES;
				CLANG_WARN_OBJC_LITERAL_CONVERSION = YES;
				CLANG_WARN_OBJC_ROOT_CLASS = YES_ERROR;
				CLANG_WARN_QUOTED_INCLUDE_IN_FRAMEWORK_HEADER = YES;
				CLANG_WARN_RANGE_LOOP_ANALYSIS = YES;
				CLANG_WARN_STRICT_PROTOTYPES = YES;
				CLANG_WARN_SUSPICIOUS_MOVE = YES;
				CLANG_WARN_UNGUARDED_AVAILABILITY = YES_AGGRESSIVE;
				CLANG_WARN_UNREACHABLE_CODE = YES;
				CLANG_WARN__DUPLICATE_METHOD_MATCH = YES;
				COPY_PHASE_STRIP = NO;
				DEBUG_INFORMATION_FORMAT = "dwarf-with-dsym";
				ENABLE_NS_ASSERTIONS = NO;
				ENABLE_STRICT_OBJC_MSGSEND = YES;
				GCC_C_LANGUAGE_STANDARD = gnu11;
				GCC_NO_COMMON_BLOCKS = YES;
				GCC_WARN_64_TO_32_BIT_CONVERSION = YES;
				GCC_WARN_ABOUT_RETURN_TYPE = YES_ERROR;
				GCC_WARN_UNDECLARED_SELECTOR = YES;
				GCC_WARN_UNINITIALIZED_AUTOS = YES_AGGRESSIVE;
				GCC_WARN_UNUSED_FUNCTION = YES;
				GCC_WARN_UNUSED_VARIABLE = YES;
				IPHONEOS_DEPLOYMENT_TARGET = 17.0;
				MTL_ENABLE_DEBUG_INFO = NO;
				MTL_FAST_MATH = YES;
				PRODUCT_NAME = "$(TARGET_NAME)";
				SDKROOT = iphoneos;
				SWIFT_COMPILATION_MODE = wholemodule;
				SWIFT_OPTIMIZATION_LEVEL = "-O";
				SWIFT_VERSION = 5.0;
			};
			name = Release;
		};
		43A4461A00D28F633680DA77 /* Release */ = {
			isa = XCBuildConfiguration;
			buildSettings = {
				ASSETCATALOG_COMPILER_APPICON_NAME = AppIcon;
				CODE_SIGN_IDENTITY = "iPhone Developer";
				CURRENT_PROJECT_VERSION = 1;
				INFOPLIST_FILE = NovelReader/App/Info.plist;
				LD_RUNPATH_SEARCH_PATHS = (
					"$(inherited)",
					"@executable_path/Frameworks",
				);
				MARKETING_VERSION = 1.0.0;
				PRODUCT_BUNDLE_IDENTIFIER = com.novelreader.app;
				SDKROOT = iphoneos;
				SWIFT_VERSION = 5.9;
				TARGETED_DEVICE_FAMILY = "1,2";
			};
			name = Release;
		};
		66DE0C2583DB76384991F871 /* Release */ = {
			isa = XCBuildConfiguration;
			buildSettings = {
				BUNDLE_LOADER = "$(TEST_HOST)";
				GENERATE_INFOPLIST_FILE = YES;
				LD_RUNPATH_SEARCH_PATHS = (
					"$(inherited)",
					"@executable_path/Frameworks",
					"@loader_path/Frameworks",
				);
				PRODUCT_BUNDLE_IDENTIFIER = com.novelreader.NovelReaderTests;
				SDKROOT = iphoneos;
				TARGETED_DEVICE_FAMILY = "1,2";
				TEST_HOST = "$(BUILT_PRODUCTS_DIR)/NovelReader.app/NovelReader";
			};
			name = Release;
		};
		79D3424C5B60A9AB89CCAAC3 /* Debug */ = {
			isa = XCBuildConfiguration;
			buildSettings = {
				ALWAYS_SEARCH_USER_PATHS = NO;
				CLANG_ANALYZER_NONNULL = YES;
				CLANG_ANALYZER_NUMBER_OBJECT_CONVERSION = YES_AGGRESSIVE;
				CLANG_CXX_LANGUAGE_STANDARD = "gnu++14";
				CLANG_CXX_LIBRARY = "libc++";
				CLANG_ENABLE_MODULES = YES;
				CLANG_ENABLE_OBJC_ARC = YES;
				CLANG_ENABLE_OBJC_WEAK = YES;
				CLANG_WARN_BLOCK_CAPTURE_AUTORELEASING = YES;
				CLANG_WARN_BOOL_CONVERSION = YES;
				CLANG_WARN_COMMA = YES;
				CLANG_WARN_CONSTANT_CONVERSION = YES;
				CLANG_WARN_DEPRECATED_OBJC_IMPLEMENTATIONS = YES;
				CLANG_WARN_DIRECT_OBJC_ISA_USAGE = YES_ERROR;
				CLANG_WARN_DOCUMENTATION_COMMENTS = YES;
				CLANG_WARN_EMPTY_BODY = YES;
				CLANG_WARN_ENUM_CONVERSION = YES;
				CLANG_WARN_INFINITE_RECURSION = YES;
				CLANG_WARN_INT_CONVERSION = YES;
				CLANG_WARN_NON_LITERAL_NULL_CONVERSION = YES;
				CLANG_WARN_OBJC_IMPLICIT_RETAIN_SELF = YES;
				CLANG_WARN_OBJC_LITERAL_CONVERSION = YES;
				CLANG_WARN_OBJC_ROOT_CLASS = YES_ERROR;
				CLANG_WARN_QUOTED_INCLUDE_IN_FRAMEWORK_HEADER = YES;
				CLANG_WARN_RANGE_LOOP_ANALYSIS = YES;
				CLANG_WARN_STRICT_PROTOTYPES = YES;
				CLANG_WARN_SUSPICIOUS_MOVE = YES;
				CLANG_WARN_UNGUARDED_AVAILABILITY = YES_AGGRESSIVE;
				CLANG_WARN_UNREACHABLE_CODE = YES;
				CLANG_WARN__DUPLICATE_METHOD_MATCH = YES;
				COPY_PHASE_STRIP = NO;
				DEBUG_INFORMATION_FORMAT = dwarf;
				ENABLE_STRICT_OBJC_MSGSEND = YES;
				ENABLE_TESTABILITY = YES;
				GCC_C_LANGUAGE_STANDARD = gnu11;
				GCC_DYNAMIC_NO_PIC = NO;
				GCC_NO_COMMON_BLOCKS = YES;
				GCC_OPTIMIZATION_LEVEL = 0;
				GCC_PREPROCESSOR_DEFINITIONS = (
					"$(inherited)",
					"DEBUG=1",
				);
				GCC_WARN_64_TO_32_BIT_CONVERSION = YES;
				GCC_WARN_ABOUT_RETURN_TYPE = YES_ERROR;
				GCC_WARN_UNDECLARED_SELECTOR = YES;
				GCC_WARN_UNINITIALIZED_AUTOS = YES_AGGRESSIVE;
				GCC_WARN_UNUSED_FUNCTION = YES;
				GCC_WARN_UNUSED_VARIABLE = YES;
				IPHONEOS_DEPLOYMENT_TARGET = 17.0;
				MTL_ENABLE_DEBUG_INFO = INCLUDE_SOURCE;
				MTL_FAST_MATH = YES;
				ONLY_ACTIVE_ARCH = YES;
				PRODUCT_NAME = "$(TARGET_NAME)";
				SDKROOT = iphoneos;
				SWIFT_ACTIVE_COMPILATION_CONDITIONS = DEBUG;
				SWIFT_OPTIMIZATION_LEVEL = "-Onone";
				SWIFT_VERSION = 5.0;
			};
			name = Debug;
		};
		C5C4CB019F3C0C9BB66F38DA /* Debug */ = {
			isa = XCBuildConfiguration;
			buildSettings = {
				BUNDLE_LOADER = "$(TEST_HOST)";
				GENERATE_INFOPLIST_FILE = YES;
				LD_RUNPATH_SEARCH_PATHS = (
					"$(inherited)",
					"@executable_path/Frameworks",
					"@loader_path/Frameworks",
				);
				PRODUCT_BUNDLE_IDENTIFIER = com.novelreader.NovelReaderTests;
				SDKROOT = iphoneos;
				TARGETED_DEVICE_FAMILY = "1,2";
				TEST_HOST = "$(BUILT_PRODUCTS_DIR)/NovelReader.app/NovelReader";
			};
			name = Debug;
		};
		D0E83C3FF04F3B99F2D644DB /* Debug */ = {
			isa = XCBuildConfiguration;
			buildSettings = {
				ASSETCATALOG_COMPILER_APPICON_NAME = AppIcon;
				CODE_SIGN_IDENTITY = "iPhone Developer";
				CURRENT_PROJECT_VERSION = 1;
				INFOPLIST_FILE = NovelReader/App/Info.plist;
				LD_RUNPATH_SEARCH_PATHS = (
					"$(inherited)",
					"@executable_path/Frameworks",
				);
				MARKETING_VERSION = 1.0.0;
				PRODUCT_BUNDLE_IDENTIFIER = com.novelreader.app;
				SDKROOT = iphoneos;
				SWIFT_VERSION = 5.9;
				TARGETED_DEVICE_FAMILY = "1,2";
			};
			name = Debug;
		};
/* End XCBuildConfiguration section */

/* Begin XCConfigurationList section */
		049D13E25DAFB810B19DAFF1 /* Build configuration list for PBXNativeTarget "NovelReader" */ = {
			isa = XCConfigurationList;
			buildConfigurations = (
				D0E83C3FF04F3B99F2D644DB /* Debug */,
				43A4461A00D28F633680DA77 /* Release */,
			);
			defaultConfigurationIsVisible = 0;
			defaultConfigurationName = Debug;
		};
		6FFBBA9F4594CD3C3D8016F8 /* Build configuration list for PBXNativeTarget "NovelReaderTests" */ = {
			isa = XCConfigurationList;
			buildConfigurations = (
				C5C4CB019F3C0C9BB66F38DA /* Debug */,
				66DE0C2583DB76384991F871 /* Release */,
			);
			defaultConfigurationIsVisible = 0;
			defaultConfigurationName = Debug;
		};
		B7B6D9B37C35F6C8C98C20BD /* Build configuration list for PBXProject "NovelReader" */ = {
			isa = XCConfigurationList;
			buildConfigurations = (
				79D3424C5B60A9AB89CCAAC3 /* Debug */,
				43820FD2365E4847F08798EE /* Release */,
			);
			defaultConfigurationIsVisible = 0;
			defaultConfigurationName = Debug;
		};
/* End XCConfigurationList section */

/* Begin XCRemoteSwiftPackageReference section */
		1A6365A4A5C51CC6CF11FDF5 /* XCRemoteSwiftPackageReference "SwiftSoup" */ = {
			isa = XCRemoteSwiftPackageReference;
			repositoryURL = "https://github.com/scinfu/SwiftSoup.git";
			requirement = {
				kind = upToNextMajorVersion;
				minimumVersion = 2.7.0;
			};
		};
/* End XCRemoteSwiftPackageReference section */

/* Begin XCSwiftPackageProductDependency section */
		70EEAE5AA5EBC87035CEF674 /* SwiftSoup */ = {
			isa = XCSwiftPackageProductDependency;
			package = 1A6365A4A5C51CC6CF11FDF5 /* XCRemoteSwiftPackageReference "SwiftSoup" */;
			productName = SwiftSoup;
		};
/* End XCSwiftPackageProductDependency section */
	};
	rootObject = DDF257CEE18D75384BC10762 /* Project object */;
}
